
Microsoft Visual Studio Solution File, Format Version 12.00
# Visual Studio Version 17
VisualStudioVersion = 17.14.36414.22 d17.14
MinimumVisualStudioVersion = 10.0.40219.1
Project("{FAE04EC0-301F-11D3-BF4B-00C04F79EFBC}") = "lab5", "lab5\lab5.csproj", "{54D52A53-BFB7-4E6D-A5D6-A030E23B1003}"
EndProject
Global
	GlobalSection(SolutionConfigurationPlatforms) = preSolution
		Debug|Any CPU = Debug|Any CPU
		Release|Any CPU = Release|Any CPU
	EndGlobalSection
	GlobalSection(ProjectConfigurationPlatforms) = postSolution
		{54D52A53-BFB7-4E6D-A5D6-A030E23B1003}.Debug|Any CPU.ActiveCfg = Debug|Any CPU
		{54D52A53-BFB7-4E6D-A5D6-A030E23B1003}.Debug|Any CPU.Build.0 = Debug|Any CPU
		{54D52A53-BFB7-4E6D-A5D6-A030E23B1003}.Release|Any CPU.ActiveCfg = Release|Any CPU
		{54D52A53-BFB7-4E6D-A5D6-A030E23B1003}.Release|Any CPU.Build.0 = Release|Any CPU
	EndGlobalSection
	GlobalSection(SolutionProperties) = preSolution
		HideSolutionNode = FALSE
	EndGlobalSection
	GlobalSection(ExtensibilityGlobals) = postSolution
		SolutionGuid = {970D9FE7-8B03-4F4E-B17F-DDF6F7D567AD}
	EndGlobalSection
EndGlobal
